
Microsoft Visual Studio Solution File, Format Version 12.00
# Visual Studio Version 17
VisualStudioVersion = 17.7.34221.43
MinimumVisualStudioVersion = 10.0.40219.1
Project("{9A19103F-16F7-4668-BE54-9A1E7A4F7556}") = "ContactManagerAPI", "ContactManagerAPI\ContactManagerAPI.csproj", "{5394D042-E8C5-4E30-B762-603A189B29CF}"
EndProject
Project("{2150E333-8FDC-42A3-9474-1A3956D46DE8}") = "Solution Items", "Solution Items", "{1DAA24DA-29C6-407E-B9FD-B48FCC3752BE}"
	ProjectSection(SolutionItems) = preProject
		.editorconfig = .editorconfig
	EndProjectSection
EndProject
Project("{E53339B2-1760-4266-BCC7-CA923CBCF16C}") = "docker-compose", "docker-compose.dcproj", "{58F12D83-05E3-4359-BE27-3F38581F4830}"
EndProject
Global
	GlobalSection(SolutionConfigurationPlatforms) = preSolution
		Debug|Any CPU = Debug|Any CPU
		Release|Any CPU = Release|Any CPU
	EndGlobalSection
	GlobalSection(ProjectConfigurationPlatforms) = postSolution
		{5394D042-E8C5-4E30-B762-603A189B29CF}.Debug|Any CPU.ActiveCfg = Debug|Any CPU
		{5394D042-E8C5-4E30-B762-603A189B29CF}.Debug|Any CPU.Build.0 = Debug|Any CPU
		{5394D042-E8C5-4E30-B762-603A189B29CF}.Release|Any CPU.ActiveCfg = Release|Any CPU
		{5394D042-E8C5-4E30-B762-603A189B29CF}.Release|Any CPU.Build.0 = Release|Any CPU
		{58F12D83-05E3-4359-BE27-3F38581F4830}.Debug|Any CPU.ActiveCfg = Debug|Any CPU
		{58F12D83-05E3-4359-BE27-3F38581F4830}.Debug|Any CPU.Build.0 = Debug|Any CPU
		{58F12D83-05E3-4359-BE27-3F38581F4830}.Release|Any CPU.ActiveCfg = Release|Any CPU
		{58F12D83-05E3-4359-BE27-3F38581F4830}.Release|Any CPU.Build.0 = Release|Any CPU
	EndGlobalSection
	GlobalSection(SolutionProperties) = preSolution
		HideSolutionNode = FALSE
	EndGlobalSection
	GlobalSection(ExtensibilityGlobals) = postSolution
		SolutionGuid = {A348F070-6F4F-416A-A94D-F21374DE5A79}
	EndGlobalSection
EndGlobal
